
Microsoft Visual Studio Solution File, Format Version 12.00
# Visual Studio 2013
VisualStudioVersion = 12.0.31101.0
MinimumVisualStudioVersion = 10.0.40219.1
Project("{FAE04EC0-301F-11D3-BF4B-00C04F79EFBC}") = "Proje2014", "Proje2014\Proje2014.csproj", "{0345A5DF-5054-40C2-9FD9-742A05CBBF2E}"
EndProject
Project("{54435603-DBB4-11D2-8724-00A0C9A8B90C}") = "Setup1", "Setup1\Setup1.vdproj", "{42B29360-58CC-48B7-8C89-961AE292A652}"
EndProject
Global
	GlobalSection(SolutionConfigurationPlatforms) = preSolution
		Debug|Any CPU = Debug|Any CPU
		Release|Any CPU = Release|Any CPU
	EndGlobalSection
	GlobalSection(ProjectConfigurationPlatforms) = postSolution
		{0345A5DF-5054-40C2-9FD9-742A05CBBF2E}.Debug|Any CPU.ActiveCfg = Debug|Any CPU
		{0345A5DF-5054-40C2-9FD9-742A05CBBF2E}.Debug|Any CPU.Build.0 = Debug|Any CPU
		{0345A5DF-5054-40C2-9FD9-742A05CBBF2E}.Release|Any CPU.ActiveCfg = Release|Any CPU
		{0345A5DF-5054-40C2-9FD9-742A05CBBF2E}.Release|Any CPU.Build.0 = Release|Any CPU
		{42B29360-58CC-48B7-8C89-961AE292A652}.Debug|Any CPU.ActiveCfg = Debug
		{42B29360-58CC-48B7-8C89-961AE292A652}.Release|Any CPU.ActiveCfg = Release
	EndGlobalSection
	GlobalSection(SolutionProperties) = preSolution
		HideSolutionNode = FALSE
	EndGlobalSection
EndGlobal
